// !$*UTF8*$!
{
	archiveVersion = 1;
	classes = {
	};
	objectVersion = 46;
	objects = {

/* Begin PBXBuildFile section */
		F18D7C761DC1F32100C1B28E /* main.m in Sources */ = {isa = PBXBuildFile; fileRef = F18D7C751DC1F32100C1B28E /* main.m */; };
		F18D7C791DC1F32100C1B28E /* AppDelegate.m in Sources */ = {isa = PBXBuildFile; fileRef = F18D7C781DC1F32100C1B28E /* AppDelegate.m */; };
		F18D7C7C1DC1F32100C1B28E /* ViewController.m in Sources */ = {isa = PBXBuildFile; fileRef = F18D7C7B1DC1F32100C1B28E /* ViewController.m */; };
		F18D7C7F1DC1F32100C1B28E /* Main.storyboard in Resources */ = {isa = PBXBuildFile; fileRef = F18D7C7D1DC1F32100C1B28E /* Main.storyboard */; };
		F18D7C811DC1F32100C1B28E /* Assets.xcassets in Resources */ = {isa = PBXBuildFile; fileRef = F18D7C801DC1F32100C1B28E /* Assets.xcassets */; };
		F18D7C841DC1F32100C1B28E /* LaunchScreen.storyboard in Resources */ = {isa = PBXBuildFile; fileRef = F18D7C821DC1F32100C1B28E /* LaunchScreen.storyboard */; };
		F18D7C8D1DC1FC0800C1B28E /* MessageMaster.m in Sources */ = {isa = PBXBuildFile; fileRef = F18D7C8C1DC1FC0800C1B28E /* MessageMaster.m */; };
/* End PBXBuildFile section */

/* Begin PBXFileReference section */
		F18D7C711DC1F32100C1B28E /* delegate.app */ = {isa = PBXFileReference; explicitFileType = wrapper.application; includeInIndex = 0; path = delegate.app; sourceTree = BUILT_PRODUCTS_DIR; };
		F18D7C751DC1F32100C1B28E /* main.m */ = {isa = PBXFileReference; lastKnownFileType = sourcecode.c.objc; path = main.m; sourceTree = "<group>"; };
		F18D7C771DC1F32100C1B28E /* AppDelegate.h */ = {isa = PBXFileReference; lastKnownFileType = sourcecode.c.h; path = AppDelegate.h; sourceTree = "<group>"; };
		F18D7C781DC1F32100C1B28E /* AppDelegate.m */ = {isa = PBXFileReference; lastKnownFileType = sourcecode.c.objc; path = AppDelegate.m; sourceTree = "<group>"; };
		F18D7C7A1DC1F32100C1B28E /* ViewController.h */ = {isa = PBXFileReference; lastKnownFileType = sourcecode.c.h; path = ViewController.h; sourceTree = "<group>"; };
		F18D7C7B1DC1F32100C1B28E /* ViewController.m */ = {isa = PBXFileReference; lastKnownFileType = sourcecode.c.objc; path = ViewController.m; sourceTree = "<group>"; };
		F18D7C7E1DC1F32100C1B28E /* Base */ = {isa = PBXFileReference; lastKnownFileType = file.storyboard; name = Base; path = Base.lproj/Main.storyboard; sourceTree = "<group>"; };
		F18D7C801DC1F32100C1B28E /* Assets.xcassets */ = {isa = PBXFileReference; lastKnownFileType = folder.assetcatalog; path = Assets.xcassets; sourceTree = "<group>"; };
		F18D7C831DC1F32100C1B28E /* Base */ = {isa = PBXFileReference; lastKnownFileType = file.storyboard; name = Base; path = Base.lproj/LaunchScreen.storyboard; sourceTree = "<group>"; };
		F18D7C851DC1F32100C1B28E /* Info.plist */ = {isa = PBXFileReference; lastKnownFileType = text.plist.xml; path = Info.plist; sourceTree = "<group>"; };
		F18D7C8B1DC1FC0800C1B28E /* MessageMaster.h */ = {isa = PBXFileReference; fileEncoding = 4; lastKnownFileType = sourcecode.c.h; path = MessageMaster.h; sourceTree = "<group>"; };
		F18D7C8C1DC1FC0800C1B28E /* MessageMaster.m */ = {isa = PBXFileReference; fileEncoding = 4; lastKnownFileType = sourcecode.c.objc; path = MessageMaster.m; sourceTree = "<group>"; };
/* End PBXFileReference section */

/* Begin PBXFrameworksBuildPhase section */
		F18D7C6E1DC1F32100C1B28E /* Frameworks */ = {
			isa = PBXFrameworksBuildPhase;
			buildActionMask = 2147483647;
			files = (
			);
			runOnlyForDeploymentPostprocessing = 0;
		};
/* End PBXFrameworksBuildPhase section */

/* Begin PBXGroup section */
		F18D7C681DC1F32100C1B28E = {
			isa = PBXGroup;
			children = (
				F18D7C731DC1F32100C1B28E /* delegate */,
				F18D7C721DC1F32100C1B28E /* Products */,
			);
			sourceTree = "<group>";
		};
		F18D7C721DC1F32100C1B28E /* Products */ = {
			isa = PBXGroup;
			children = (
				F18D7C711DC1F32100C1B28E /* delegate.app */,
			);
			name = Products;
			sourceTree = "<group>";
		};
		F18D7C731DC1F32100C1B28E /* delegate */ = {
			isa = PBXGroup;
			children = (
				F18D7C771DC1F32100C1B28E /* AppDelegate.h */,
				F18D7C781DC1F32100C1B28E /* AppDelegate.m */,
				F18D7C8B1DC1FC0800C1B28E /* MessageMaster.h */,
				F18D7C8C1DC1FC0800C1B28E /* MessageMaster.m */,
				F18D7C7A1DC1F32100C1B28E /* ViewController.h */,
				F18D7C7B1DC1F32100C1B28E /* ViewController.m */,
				F18D7C7D1DC1F32100C1B28E /* Main.storyboard */,
				F18D7C801DC1F32100C1B28E /* Assets.xcassets */,
				F18D7C821DC1F32100C1B28E /* LaunchScreen.storyboard */,
				F18D7C851DC1F32100C1B28E /* Info.plist */,
				F18D7C741DC1F32100C1B28E /* Supporting Files */,
			);
			path = delegate;
			sourceTree = "<group>";
		};
		F18D7C741DC1F32100C1B28E /* Supporting Files */ = {
			isa = PBXGroup;
			children = (
				F18D7C751DC1F32100C1B28E /* main.m */,
			);
			name = "Supporting Files";
			sourceTree = "<group>";
		};
/* End PBXGroup section */

/* Begin PBXNativeTarget section */
		F18D7C701DC1F32100C1B28E /* delegate */ = {
			isa = PBXNativeTarget;
			buildConfigurationList = F18D7C881DC1F32100C1B28E /* Build configuration list for PBXNativeTarget "delegate" */;
			buildPhases = (
				F18D7C6D1DC1F32100C1B28E /* Sources */,
				F18D7C6E1DC1F32100C1B28E /* Frameworks */,
				F18D7C6F1DC1F32100C1B28E /* Resources */,
			);
			buildRules = (
			);
			dependencies = (
			);
			name = delegate;
			productName = delegate;
			productReference = F18D7C711DC1F32100C1B28E /* delegate.app */;
			productType = "com.apple.product-type.application";
		};
/* End PBXNativeTarget section */

/* Begin PBXProject section */
		F18D7C691DC1F32100C1B28E /* Project object */ = {
			isa = PBXProject;
			attributes = {
				LastUpgradeCheck = 0800;
				ORGANIZATIONNAME = "C N Soft Net";
				TargetAttributes = {
					F18D7C701DC1F32100C1B28E = {
						CreatedOnToolsVersion = 8.0;
						DevelopmentTeam = WX82MKMUM2;
						ProvisioningStyle = Automatic;
					};
				};
			};
			buildConfigurationList = F18D7C6C1DC1F32100C1B28E /* Build configuration list for PBXProject "delegate" */;
			compatibilityVersion = "Xcode 3.2";
			developmentRegion = English;
			hasScannedForEncodings = 0;
			knownRegions = (
				en,
				Base,
			);
			mainGroup = F18D7C681DC1F32100C1B28E;
			productRefGroup = F18D7C721DC1F32100C1B28E /* Products */;
			projectDirPath = "";
			projectRoot = "";
			targets = (
				F18D7C701DC1F32100C1B28E /* delegate */,
			);
		};
/* End PBXProject section */

/* Begin PBXResourcesBuildPhase section */
		F18D7C6F1DC1F32100C1B28E /* Resources */ = {
			isa = PBXResourcesBuildPhase;
			buildActionMask = 2147483647;
			files = (
				F18D7C841DC1F32100C1B28E /* LaunchScreen.storyboard in Resources */,
				F18D7C811DC1F32100C1B28E /* Assets.xcassets in Resources */,
				F18D7C7F1DC1F32100C1B28E /* Main.storyboard in Resources */,
			);
			runOnlyForDeploymentPostprocessing = 0;
		};
/* End PBXResourcesBuildPhase section */

/* Begin PBXSourcesBuildPhase section */
		F18D7C6D1DC1F32100C1B28E /* Sources */ = {
			isa = PBXSourcesBuildPhase;
			buildActionMask = 2147483647;
			files = (
				F18D7C7C1DC1F32100C1B28E /* ViewController.m in Sources */,
				F18D7C791DC1F32100C1B28E /* AppDelegate.m in Sources */,
				F18D7C761DC1F32100C1B28E /* main.m in Sources */,
				F18D7C8D1DC1FC0800C1B28E /* MessageMaster.m in Sources */,
			);
			runOnlyForDeploymentPostprocessing = 0;
		};
/* End PBXSourcesBuildPhase section */

/* Begin PBXVariantGroup section */
		F18D7C7D1DC1F32100C1B28E /* Main.storyboard */ = {
			isa = PBXVariantGroup;
			children = (
				F18D7C7E1DC1F32100C1B28E /* Base */,
			);
			name = Main.storyboard;
			sourceTree = "<group>";
		};
		F18D7C821DC1F32100C1B28E /* LaunchScreen.storyboard */ = {
			isa = PBXVariantGroup;
			children = (
				F18D7C831DC1F32100C1B28E /* Base */,
			);
			name = LaunchScreen.storyboard;
			sourceTree = "<group>";
		};
/* End PBXVariantGroup section */

/* Begin XCBuildConfiguration section */
		F18D7C861DC1F32100C1B28E /* Debug */ = {
			isa = XCBuildConfiguration;
			buildSettings = {
				ALWAYS_SEARCH_USER_PATHS = NO;
				CLANG_ANALYZER_NONNULL = YES;
				CLANG_CXX_LANGUAGE_STANDARD = "gnu++0x";
				CLANG_CXX_LIBRARY = "libc++";
				CLANG_ENABLE_MODULES = YES;
				CLANG_ENABLE_OBJC_ARC = YES;
				CLANG_WARN_BOOL_CONVERSION = YES;
				CLANG_WARN_CONSTANT_CONVERSION = YES;
				CLANG_WARN_DIRECT_OBJC_ISA_USAGE = YES_ERROR;
				CLANG_WARN_DOCUMENTATION_COMMENTS = YES;
				CLANG_WARN_EMPTY_BODY = YES;
				CLANG_WARN_ENUM_CONVERSION = YES;
				CLANG_WARN_INFINITE_RECURSION = YES;
				CLANG_WARN_INT_CONVERSION = YES;
				CLANG_WARN_OBJC_ROOT_CLASS = YES_ERROR;
				CLANG_WARN_SUSPICIOUS_MOVES = YES;
				CLANG_WARN_UNREACHABLE_CODE = YES;
				CLANG_WARN__DUPLICATE_METHOD_MATCH = YES;
				"CODE_SIGN_IDENTITY[sdk=iphoneos*]" = "iPhone Developer";
				COPY_PHASE_STRIP = NO;
				DEBUG_INFORMATION_FORMAT = dwarf;
				ENABLE_STRICT_OBJC_MSGSEND = YES;
				ENABLE_TESTABILITY = YES;
				GCC_C_LANGUAGE_STANDARD = gnu99;
				GCC_DYNAMIC_NO_PIC = NO;
				GCC_NO_COMMON_BLOCKS = YES;
				GCC_OPTIMIZATION_LEVEL = 0;
				GCC_PREPROCESSOR_DEFINITIONS = (
					"DEBUG=1",
					"$(inherited)",
				);
				GCC_WARN_64_TO_32_BIT_CONVERSION = YES;
				GCC_WARN_ABOUT_RETURN_TYPE = YES_ERROR;
				GCC_WARN_UNDECLARED_SELECTOR = YES;
				GCC_WARN_UNINITIALIZED_AUTOS = YES_AGGRESSIVE;
				GCC_WARN_UNUSED_FUNCTION = YES;
				GCC_WARN_UNUSED_VARIABLE = YES;
				IPHONEOS_DEPLOYMENT_TARGET = 10.0;
				MTL_ENABLE_DEBUG_INFO = YES;
				ONLY_ACTIVE_ARCH = YES;
				SDKROOT = iphoneos;
			};
			name = Debug;
		};
		F18D7C871DC1F32100C1B28E /* Release */ = {
			isa = XCBuildConfiguration;
			buildSettings = {
				ALWAYS_SEARCH_USER_PATHS = NO;
				CLANG_ANALYZER_NONNULL = YES;
				CLANG_CXX_LANGUAGE_STANDARD = "gnu++0x";
				CLANG_CXX_LIBRARY = "libc++";
				CLANG_ENABLE_MODULES = YES;
				CLANG_ENABLE_OBJC_ARC = YES;
				CLANG_WARN_BOOL_CONVERSION = YES;
				CLANG_WARN_CONSTANT_CONVERSION = YES;
				CLANG_WARN_DIRECT_OBJC_ISA_USAGE = YES_ERROR;
				CLANG_WARN_DOCUMENTATION_COMMENTS = YES;
				CLANG_WARN_EMPTY_BODY = YES;
				CLANG_WARN_ENUM_CONVERSION = YES;
				CLANG_WARN_INFINITE_RECURSION = YES;
				CLANG_WARN_INT_CONVERSION = YES;
				CLANG_WARN_OBJC_ROOT_CLASS = YES_ERROR;
				CLANG_WARN_SUSPICIOUS_MOVES = YES;
				CLANG_WARN_UNREACHABLE_CODE = YES;
				CLANG_WARN__DUPLICATE_METHOD_MATCH = YES;
				"CODE_SIGN_IDENTITY[sdk=iphoneos*]" = "iPhone Developer";
				COPY_PHASE_STRIP = NO;
				DEBUG_INFORMATION_FORMAT = "dwarf-with-dsym";
				ENABLE_NS_ASSERTIONS = NO;
				ENABLE_STRICT_OBJC_MSGSEND = YES;
				GCC_C_LANGUAGE_STANDARD = gnu99;
				GCC_NO_COMMON_BLOCKS = YES;
				GCC_WARN_64_TO_32_BIT_CONVERSION = YES;
				GCC_WARN_ABOUT_RETURN_TYPE = YES_ERROR;
				GCC_WARN_UNDECLARED_SELECTOR = YES;
				GCC_WARN_UNINITIALIZED_AUTOS = YES_AGGRESSIVE;
				GCC_WARN_UNUSED_FUNCTION = YES;
				GCC_WARN_UNUSED_VARIABLE = YES;
				IPHONEOS_DEPLOYMENT_TARGET = 10.0;
				MTL_ENABLE_DEBUG_INFO = NO;
				SDKROOT = iphoneos;
				VALIDATE_PRODUCT = YES;
			};
			name = Release;
		};
		F18D7C891DC1F32100C1B28E /* Debug */ = {
			isa = XCBuildConfiguration;
			buildSettings = {
				ASSETCATALOG_COMPILER_APPICON_NAME = AppIcon;
				DEVELOPMENT_TEAM = WX82MKMUM2;
				INFOPLIST_FILE = delegate/Info.plist;
				LD_RUNPATH_SEARCH_PATHS = "$(inherited) @executable_path/Frameworks";
				PRODUCT_BUNDLE_IDENTIFIER = com.cnsoftnet.try2.delegate;
				PRODUCT_NAME = "$(TARGET_NAME)";
			};
			name = Debug;
		};
		F18D7C8A1DC1F32100C1B28E /* Release */ = {
			isa = XCBuildConfiguration;
			buildSettings = {
				ASSETCATALOG_COMPILER_APPICON_NAME = AppIcon;
				DEVELOPMENT_TEAM = WX82MKMUM2;
				INFOPLIST_FILE = delegate/Info.plist;
				LD_RUNPATH_SEARCH_PATHS = "$(inherited) @executable_path/Frameworks";
				PRODUCT_BUNDLE_IDENTIFIER = com.cnsoftnet.try2.delegate;
				PRODUCT_NAME = "$(TARGET_NAME)";
			};
			name = Release;
		};
/* End XCBuildConfiguration section */

/* Begin XCConfigurationList section */
		F18D7C6C1DC1F32100C1B28E /* Build configuration list for PBXProject "delegate" */ = {
			isa = XCConfigurationList;
			buildConfigurations = (
				F18D7C861DC1F32100C1B28E /* Debug */,
				F18D7C871DC1F32100C1B28E /* Release */,
			);
			defaultConfigurationIsVisible = 0;
			defaultConfigurationName = Release;
		};
		F18D7C881DC1F32100C1B28E /* Build configuration list for PBXNativeTarget "delegate" */ = {
			isa = XCConfigurationList;
			buildConfigurations = (
				F18D7C891DC1F32100C1B28E /* Debug */,
				F18D7C8A1DC1F32100C1B28E /* Release */,
			);
			defaultConfigurationIsVisible = 0;
		};
/* End XCConfigurationList section */
	};
	rootObject = F18D7C691DC1F32100C1B28E /* Project object */;
}
